// !$*UTF8*$!
{
	archiveVersion = 1;
	classes = {
	};
	objectVersion = 46;
	objects = {

/* Begin PBXBuildFile section */
		3D36F02D1F5921AC00C1BD85 /* AppDelegate.swift in Sources */ = {isa = PBXBuildFile; fileRef = 3D36F02C1F5921AC00C1BD85 /* AppDelegate.swift */; };
		3D36F02F1F5921AC00C1BD85 /* ViewController.swift in Sources */ = {isa = PBXBuildFile; fileRef = 3D36F02E1F5921AC00C1BD85 /* ViewController.swift */; };
		3D36F0321F5921AC00C1BD85 /* Main.storyboard in Resources */ = {isa = PBXBuildFile; fileRef = 3D36F0301F5921AC00C1BD85 /* Main.storyboard */; };
		3D36F0351F5921AC00C1BD85 /* CoreToDo_for_Qiita.xcdatamodeld in Sources */ = {isa = PBXBuildFile; fileRef = 3D36F0331F5921AC00C1BD85 /* CoreToDo_for_Qiita.xcdatamodeld */; };
		3D36F0371F5921AC00C1BD85 /* Assets.xcassets in Resources */ = {isa = PBXBuildFile; fileRef = 3D36F0361F5921AC00C1BD85 /* Assets.xcassets */; };
		3D36F03A1F5921AC00C1BD85 /* LaunchScreen.storyboard in Resources */ = {isa = PBXBuildFile; fileRef = 3D36F0381F5921AC00C1BD85 /* LaunchScreen.storyboard */; };
		3D36F0451F5921AC00C1BD85 /* CoreToDo_for_QiitaTests.swift in Sources */ = {isa = PBXBuildFile; fileRef = 3D36F0441F5921AC00C1BD85 /* CoreToDo_for_QiitaTests.swift */; };
		3D36F0501F5921AC00C1BD85 /* CoreToDo_for_QiitaUITests.swift in Sources */ = {isa = PBXBuildFile; fileRef = 3D36F04F1F5921AC00C1BD85 /* CoreToDo_for_QiitaUITests.swift */; };
/* End PBXBuildFile section */

/* Begin PBXContainerItemProxy section */
		3D36F0411F5921AC00C1BD85 /* PBXContainerItemProxy */ = {
			isa = PBXContainerItemProxy;
			containerPortal = 3D36F0211F5921AC00C1BD85 /* Project object */;
			proxyType = 1;
			remoteGlobalIDString = 3D36F0281F5921AC00C1BD85;
			remoteInfo = "CoreToDo for Qiita";
		};
		3D36F04C1F5921AC00C1BD85 /* PBXContainerItemProxy */ = {
			isa = PBXContainerItemProxy;
			containerPortal = 3D36F0211F5921AC00C1BD85 /* Project object */;
			proxyType = 1;
			remoteGlobalIDString = 3D36F0281F5921AC00C1BD85;
			remoteInfo = "CoreToDo for Qiita";
		};
/* End PBXContainerItemProxy section */

/* Begin PBXFileReference section */
		3D36F0291F5921AC00C1BD85 /* CoreToDo for Qiita.app */ = {isa = PBXFileReference; explicitFileType = wrapper.application; includeInIndex = 0; path = "CoreToDo for Qiita.app"; sourceTree = BUILT_PRODUCTS_DIR; };
		3D36F02C1F5921AC00C1BD85 /* AppDelegate.swift */ = {isa = PBXFileReference; lastKnownFileType = sourcecode.swift; path = AppDelegate.swift; sourceTree = "<group>"; };
		3D36F02E1F5921AC00C1BD85 /* ViewController.swift */ = {isa = PBXFileReference; lastKnownFileType = sourcecode.swift; path = ViewController.swift; sourceTree = "<group>"; };
		3D36F0311F5921AC00C1BD85 /* Base */ = {isa = PBXFileReference; lastKnownFileType = file.storyboard; name = Base; path = Base.lproj/Main.storyboard; sourceTree = "<group>"; };
		3D36F0341F5921AC00C1BD85 /* CoreToDo_for_Qiita.xcdatamodel */ = {isa = PBXFileReference; lastKnownFileType = wrapper.xcdatamodel; path = CoreToDo_for_Qiita.xcdatamodel; sourceTree = "<group>"; };
		3D36F0361F5921AC00C1BD85 /* Assets.xcassets */ = {isa = PBXFileReference; lastKnownFileType = folder.assetcatalog; path = Assets.xcassets; sourceTree = "<group>"; };
		3D36F0391F5921AC00C1BD85 /* Base */ = {isa = PBXFileReference; lastKnownFileType = file.storyboard; name = Base; path = Base.lproj/LaunchScreen.storyboard; sourceTree = "<group>"; };
		3D36F03B1F5921AC00C1BD85 /* Info.plist */ = {isa = PBXFileReference; lastKnownFileType = text.plist.xml; path = Info.plist; sourceTree = "<group>"; };
		3D36F0401F5921AC00C1BD85 /* CoreToDo for QiitaTests.xctest */ = {isa = PBXFileReference; explicitFileType = wrapper.cfbundle; includeInIndex = 0; path = "CoreToDo for QiitaTests.xctest"; sourceTree = BUILT_PRODUCTS_DIR; };
		3D36F0441F5921AC00C1BD85 /* CoreToDo_for_QiitaTests.swift */ = {isa = PBXFileReference; lastKnownFileType = sourcecode.swift; path = CoreToDo_for_QiitaTests.swift; sourceTree = "<group>"; };
		3D36F0461F5921AC00C1BD85 /* Info.plist */ = {isa = PBXFileReference; lastKnownFileType = text.plist.xml; path = Info.plist; sourceTree = "<group>"; };
		3D36F04B1F5921AC00C1BD85 /* CoreToDo for QiitaUITests.xctest */ = {isa = PBXFileReference; explicitFileType = wrapper.cfbundle; includeInIndex = 0; path = "CoreToDo for QiitaUITests.xctest"; sourceTree = BUILT_PRODUCTS_DIR; };
		3D36F04F1F5921AC00C1BD85 /* CoreToDo_for_QiitaUITests.swift */ = {isa = PBXFileReference; lastKnownFileType = sourcecode.swift; path = CoreToDo_for_QiitaUITests.swift; sourceTree = "<group>"; };
		3D36F0511F5921AC00C1BD85 /* Info.plist */ = {isa = PBXFileReference; lastKnownFileType = text.plist.xml; path = Info.plist; sourceTree = "<group>"; };
/* End PBXFileReference section */

/* Begin PBXFrameworksBuildPhase section */
		3D36F0261F5921AC00C1BD85 /* Frameworks */ = {
			isa = PBXFrameworksBuildPhase;
			buildActionMask = 2147483647;
			files = (
			);
			runOnlyForDeploymentPostprocessing = 0;
		};
		3D36F03D1F5921AC00C1BD85 /* Frameworks */ = {
			isa = PBXFrameworksBuildPhase;
			buildActionMask = 2147483647;
			files = (
			);
			runOnlyForDeploymentPostprocessing = 0;
		};
		3D36F0481F5921AC00C1BD85 /* Frameworks */ = {
			isa = PBXFrameworksBuildPhase;
			buildActionMask = 2147483647;
			files = (
			);
			runOnlyForDeploymentPostprocessing = 0;
		};
/* End PBXFrameworksBuildPhase section */

/* Begin PBXGroup section */
		3D36F0201F5921AC00C1BD85 = {
			isa = PBXGroup;
			children = (
				3D36F02B1F5921AC00C1BD85 /* CoreToDo for Qiita */,
				3D36F0431F5921AC00C1BD85 /* CoreToDo for QiitaTests */,
				3D36F04E1F5921AC00C1BD85 /* CoreToDo for QiitaUITests */,
				3D36F02A1F5921AC00C1BD85 /* Products */,
			);
			sourceTree = "<group>";
		};
		3D36F02A1F5921AC00C1BD85 /* Products */ = {
			isa = PBXGroup;
			children = (
				3D36F0291F5921AC00C1BD85 /* CoreToDo for Qiita.app */,
				3D36F0401F5921AC00C1BD85 /* CoreToDo for QiitaTests.xctest */,
				3D36F04B1F5921AC00C1BD85 /* CoreToDo for QiitaUITests.xctest */,
			);
			name = Products;
			sourceTree = "<group>";
		};
		3D36F02B1F5921AC00C1BD85 /* CoreToDo for Qiita */ = {
			isa = PBXGroup;
			children = (
				3D36F02C1F5921AC00C1BD85 /* AppDelegate.swift */,
				3D36F02E1F5921AC00C1BD85 /* ViewController.swift */,
				3D36F0301F5921AC00C1BD85 /* Main.storyboard */,
				3D36F0361F5921AC00C1BD85 /* Assets.xcassets */,
				3D36F0381F5921AC00C1BD85 /* LaunchScreen.storyboard */,
				3D36F03B1F5921AC00C1BD85 /* Info.plist */,
				3D36F0331F5921AC00C1BD85 /* CoreToDo_for_Qiita.xcdatamodeld */,
			);
			path = "CoreToDo for Qiita";
			sourceTree = "<group>";
		};
		3D36F0431F5921AC00C1BD85 /* CoreToDo for QiitaTests */ = {
			isa = PBXGroup;
			children = (
				3D36F0441F5921AC00C1BD85 /* CoreToDo_for_QiitaTests.swift */,
				3D36F0461F5921AC00C1BD85 /* Info.plist */,
			);
			path = "CoreToDo for QiitaTests";
			sourceTree = "<group>";
		};
		3D36F04E1F5921AC00C1BD85 /* CoreToDo for QiitaUITests */ = {
			isa = PBXGroup;
			children = (
				3D36F04F1F5921AC00C1BD85 /* CoreToDo_for_QiitaUITests.swift */,
				3D36F0511F5921AC00C1BD85 /* Info.plist */,
			);
			path = "CoreToDo for QiitaUITests";
			sourceTree = "<group>";
		};
/* End PBXGroup section */

/* Begin PBXNativeTarget section */
		3D36F0281F5921AC00C1BD85 /* CoreToDo for Qiita */ = {
			isa = PBXNativeTarget;
			buildConfigurationList = 3D36F0541F5921AC00C1BD85 /* Build configuration list for PBXNativeTarget "CoreToDo for Qiita" */;
			buildPhases = (
				3D36F0251F5921AC00C1BD85 /* Sources */,
				3D36F0261F5921AC00C1BD85 /* Frameworks */,
				3D36F0271F5921AC00C1BD85 /* Resources */,
			);
			buildRules = (
			);
			dependencies = (
			);
			name = "CoreToDo for Qiita";
			productName = "CoreToDo for Qiita";
			productReference = 3D36F0291F5921AC00C1BD85 /* CoreToDo for Qiita.app */;
			productType = "com.apple.product-type.application";
		};
		3D36F03F1F5921AC00C1BD85 /* CoreToDo for QiitaTests */ = {
			isa = PBXNativeTarget;
			buildConfigurationList = 3D36F0571F5921AC00C1BD85 /* Build configuration list for PBXNativeTarget "CoreToDo for QiitaTests" */;
			buildPhases = (
				3D36F03C1F5921AC00C1BD85 /* Sources */,
				3D36F03D1F5921AC00C1BD85 /* Frameworks */,
				3D36F03E1F5921AC00C1BD85 /* Resources */,
			);
			buildRules = (
			);
			dependencies = (
				3D36F0421F5921AC00C1BD85 /* PBXTargetDependency */,
			);
			name = "CoreToDo for QiitaTests";
			productName = "CoreToDo for QiitaTests";
			productReference = 3D36F0401F5921AC00C1BD85 /* CoreToDo for QiitaTests.xctest */;
			productType = "com.apple.product-type.bundle.unit-test";
		};
		3D36F04A1F5921AC00C1BD85 /* CoreToDo for QiitaUITests */ = {
			isa = PBXNativeTarget;
			buildConfigurationList = 3D36F05A1F5921AC00C1BD85 /* Build configuration list for PBXNativeTarget "CoreToDo for QiitaUITests" */;
			buildPhases = (
				3D36F0471F5921AC00C1BD85 /* Sources */,
				3D36F0481F5921AC00C1BD85 /* Frameworks */,
				3D36F0491F5921AC00C1BD85 /* Resources */,
			);
			buildRules = (
			);
			dependencies = (
				3D36F04D1F5921AC00C1BD85 /* PBXTargetDependency */,
			);
			name = "CoreToDo for QiitaUITests";
			productName = "CoreToDo for QiitaUITests";
			productReference = 3D36F04B1F5921AC00C1BD85 /* CoreToDo for QiitaUITests.xctest */;
			productType = "com.apple.product-type.bundle.ui-testing";
		};
/* End PBXNativeTarget section */

/* Begin PBXProject section */
		3D36F0211F5921AC00C1BD85 /* Project object */ = {
			isa = PBXProject;
			attributes = {
				LastSwiftUpdateCheck = 0830;
				LastUpgradeCheck = 0830;
				ORGANIZATIONNAME = "sako kazuhiro";
				TargetAttributes = {
					3D36F0281F5921AC00C1BD85 = {
						CreatedOnToolsVersion = 8.3.3;
						ProvisioningStyle = Automatic;
					};
					3D36F03F1F5921AC00C1BD85 = {
						CreatedOnToolsVersion = 8.3.3;
						ProvisioningStyle = Automatic;
						TestTargetID = 3D36F0281F5921AC00C1BD85;
					};
					3D36F04A1F5921AC00C1BD85 = {
						CreatedOnToolsVersion = 8.3.3;
						ProvisioningStyle = Automatic;
						TestTargetID = 3D36F0281F5921AC00C1BD85;
					};
				};
			};
			buildConfigurationList = 3D36F0241F5921AC00C1BD85 /* Build configuration list for PBXProject "CoreToDo for Qiita" */;
			compatibilityVersion = "Xcode 3.2";
			developmentRegion = English;
			hasScannedForEncodings = 0;
			knownRegions = (
				en,
				Base,
			);
			mainGroup = 3D36F0201F5921AC00C1BD85;
			productRefGroup = 3D36F02A1F5921AC00C1BD85 /* Products */;
			projectDirPath = "";
			projectRoot = "";
			targets = (
				3D36F0281F5921AC00C1BD85 /* CoreToDo for Qiita */,
				3D36F03F1F5921AC00C1BD85 /* CoreToDo for QiitaTests */,
				3D36F04A1F5921AC00C1BD85 /* CoreToDo for QiitaUITests */,
			);
		};
/* End PBXProject section */

/* Begin PBXResourcesBuildPhase section */
		3D36F0271F5921AC00C1BD85 /* Resources */ = {
			isa = PBXResourcesBuildPhase;
			buildActionMask = 2147483647;
			files = (
				3D36F03A1F5921AC00C1BD85 /* LaunchScreen.storyboard in Resources */,
				3D36F0371F5921AC00C1BD85 /* Assets.xcassets in Resources */,
				3D36F0321F5921AC00C1BD85 /* Main.storyboard in Resources */,
			);
			runOnlyForDeploymentPostprocessing = 0;
		};
		3D36F03E1F5921AC00C1BD85 /* Resources */ = {
			isa = PBXResourcesBuildPhase;
			buildActionMask = 2147483647;
			files = (
			);
			runOnlyForDeploymentPostprocessing = 0;
		};
		3D36F0491F5921AC00C1BD85 /* Resources */ = {
			isa = PBXResourcesBuildPhase;
			buildActionMask = 2147483647;
			files = (
			);
			runOnlyForDeploymentPostprocessing = 0;
		};
/* End PBXResourcesBuildPhase section */

/* Begin PBXSourcesBuildPhase section */
		3D36F0251F5921AC00C1BD85 /* Sources */ = {
			isa = PBXSourcesBuildPhase;
			buildActionMask = 2147483647;
			files = (
				3D36F02F1F5921AC00C1BD85 /* ViewController.swift in Sources */,
				3D36F02D1F5921AC00C1BD85 /* AppDelegate.swift in Sources */,
				3D36F0351F5921AC00C1BD85 /* CoreToDo_for_Qiita.xcdatamodeld in Sources */,
			);
			runOnlyForDeploymentPostprocessing = 0;
		};
		3D36F03C1F5921AC00C1BD85 /* Sources */ = {
			isa = PBXSourcesBuildPhase;
			buildActionMask = 2147483647;
			files = (
				3D36F0451F5921AC00C1BD85 /* CoreToDo_for_QiitaTests.swift in Sources */,
			);
			runOnlyForDeploymentPostprocessing = 0;
		};
		3D36F0471F5921AC00C1BD85 /* Sources */ = {
			isa = PBXSourcesBuildPhase;
			buildActionMask = 2147483647;
			files = (
				3D36F0501F5921AC00C1BD85 /* CoreToDo_for_QiitaUITests.swift in Sources */,
			);
			runOnlyForDeploymentPostprocessing = 0;
		};
/* End PBXSourcesBuildPhase section */

/* Begin PBXTargetDependency section */
		3D36F0421F5921AC00C1BD85 /* PBXTargetDependency */ = {
			isa = PBXTargetDependency;
			target = 3D36F0281F5921AC00C1BD85 /* CoreToDo for Qiita */;
			targetProxy = 3D36F0411F5921AC00C1BD85 /* PBXContainerItemProxy */;
		};
		3D36F04D1F5921AC00C1BD85 /* PBXTargetDependency */ = {
			isa = PBXTargetDependency;
			target = 3D36F0281F5921AC00C1BD85 /* CoreToDo for Qiita */;
			targetProxy = 3D36F04C1F5921AC00C1BD85 /* PBXContainerItemProxy */;
		};
/* End PBXTargetDependency section */

/* Begin PBXVariantGroup section */
		3D36F0301F5921AC00C1BD85 /* Main.storyboard */ = {
			isa = PBXVariantGroup;
			children = (
				3D36F0311F5921AC00C1BD85 /* Base */,
			);
			name = Main.storyboard;
			sourceTree = "<group>";
		};
		3D36F0381F5921AC00C1BD85 /* LaunchScreen.storyboard */ = {
			isa = PBXVariantGroup;
			children = (
				3D36F0391F5921AC00C1BD85 /* Base */,
			);
			name = LaunchScreen.storyboard;
			sourceTree = "<group>";
		};
/* End PBXVariantGroup section */

/* Begin XCBuildConfiguration section */
		3D36F0521F5921AC00C1BD85 /* Debug */ = {
			isa = XCBuildConfiguration;
			buildSettings = {
				ALWAYS_SEARCH_USER_PATHS = NO;
				CLANG_ANALYZER_NONNULL = YES;
				CLANG_ANALYZER_NUMBER_OBJECT_CONVERSION = YES_AGGRESSIVE;
				CLANG_CXX_LANGUAGE_STANDARD = "gnu++0x";
				CLANG_CXX_LIBRARY = "libc++";
				CLANG_ENABLE_MODULES = YES;
				CLANG_ENABLE_OBJC_ARC = YES;
				CLANG_WARN_BOOL_CONVERSION = YES;
				CLANG_WARN_CONSTANT_CONVERSION = YES;
				CLANG_WARN_DIRECT_OBJC_ISA_USAGE = YES_ERROR;
				CLANG_WARN_DOCUMENTATION_COMMENTS = YES;
				CLANG_WARN_EMPTY_BODY = YES;
				CLANG_WARN_ENUM_CONVERSION = YES;
				CLANG_WARN_INFINITE_RECURSION = YES;
				CLANG_WARN_INT_CONVERSION = YES;
				CLANG_WARN_OBJC_ROOT_CLASS = YES_ERROR;
				CLANG_WARN_SUSPICIOUS_MOVE = YES;
				CLANG_WARN_UNREACHABLE_CODE = YES;
				CLANG_WARN__DUPLICATE_METHOD_MATCH = YES;
				"CODE_SIGN_IDENTITY[sdk=iphoneos*]" = "iPhone Developer";
				COPY_PHASE_STRIP = NO;
				DEBUG_INFORMATION_FORMAT = dwarf;
				ENABLE_STRICT_OBJC_MSGSEND = YES;
				ENABLE_TESTABILITY = YES;
				GCC_C_LANGUAGE_STANDARD = gnu99;
				GCC_DYNAMIC_NO_PIC = NO;
				GCC_NO_COMMON_BLOCKS = YES;
				GCC_OPTIMIZATION_LEVEL = 0;
				GCC_PREPROCESSOR_DEFINITIONS = (
					"DEBUG=1",
					"$(inherited)",
				);
				GCC_WARN_64_TO_32_BIT_CONVERSION = YES;
				GCC_WARN_ABOUT_RETURN_TYPE = YES_ERROR;
				GCC_WARN_UNDECLARED_SELECTOR = YES;
				GCC_WARN_UNINITIALIZED_AUTOS = YES_AGGRESSIVE;
				GCC_WARN_UNUSED_FUNCTION = YES;
				GCC_WARN_UNUSED_VARIABLE = YES;
				IPHONEOS_DEPLOYMENT_TARGET = 10.3;
				MTL_ENABLE_DEBUG_INFO = YES;
				ONLY_ACTIVE_ARCH = YES;
				SDKROOT = iphoneos;
				SWIFT_ACTIVE_COMPILATION_CONDITIONS = DEBUG;
				SWIFT_OPTIMIZATION_LEVEL = "-Onone";
			};
			name = Debug;
		};
		3D36F0531F5921AC00C1BD85 /* Release */ = {
			isa = XCBuildConfiguration;
			buildSettings = {
				ALWAYS_SEARCH_USER_PATHS = NO;
				CLANG_ANALYZER_NONNULL = YES;
				CLANG_ANALYZER_NUMBER_OBJECT_CONVERSION = YES_AGGRESSIVE;
				CLANG_CXX_LANGUAGE_STANDARD = "gnu++0x";
				CLANG_CXX_LIBRARY = "libc++";
				CLANG_ENABLE_MODULES = YES;
				CLANG_ENABLE_OBJC_ARC = YES;
				CLANG_WARN_BOOL_CONVERSION = YES;
				CLANG_WARN_CONSTANT_CONVERSION = YES;
				CLANG_WARN_DIRECT_OBJC_ISA_USAGE = YES_ERROR;
				CLANG_WARN_DOCUMENTATION_COMMENTS = YES;
				CLANG_WARN_EMPTY_BODY = YES;
				CLANG_WARN_ENUM_CONVERSION = YES;
				CLANG_WARN_INFINITE_RECURSION = YES;
				CLANG_WARN_INT_CONVERSION = YES;
				CLANG_WARN_OBJC_ROOT_CLASS = YES_ERROR;
				CLANG_WARN_SUSPICIOUS_MOVE = YES;
				CLANG_WARN_UNREACHABLE_CODE = YES;
				CLANG_WARN__DUPLICATE_METHOD_MATCH = YES;
				"CODE_SIGN_IDENTITY[sdk=iphoneos*]" = "iPhone Developer";
				COPY_PHASE_STRIP = NO;
				DEBUG_INFORMATION_FORMAT = "dwarf-with-dsym";
				ENABLE_NS_ASSERTIONS = NO;
				ENABLE_STRICT_OBJC_MSGSEND = YES;
				GCC_C_LANGUAGE_STANDARD = gnu99;
				GCC_NO_COMMON_BLOCKS = YES;
				GCC_WARN_64_TO_32_BIT_CONVERSION = YES;
				GCC_WARN_ABOUT_RETURN_TYPE = YES_ERROR;
				GCC_WARN_UNDECLARED_SELECTOR = YES;
				GCC_WARN_UNINITIALIZED_AUTOS = YES_AGGRESSIVE;
				GCC_WARN_UNUSED_FUNCTION = YES;
				GCC_WARN_UNUSED_VARIABLE = YES;
				IPHONEOS_DEPLOYMENT_TARGET = 10.3;
				MTL_ENABLE_DEBUG_INFO = NO;
				SDKROOT = iphoneos;
				SWIFT_OPTIMIZATION_LEVEL = "-Owholemodule";
				VALIDATE_PRODUCT = YES;
			};
			name = Release;
		};
		3D36F0551F5921AC00C1BD85 /* Debug */ = {
			isa = XCBuildConfiguration;
			buildSettings = {
				ASSETCATALOG_COMPILER_APPICON_NAME = AppIcon;
				INFOPLIST_FILE = "CoreToDo for Qiita/Info.plist";
				LD_RUNPATH_SEARCH_PATHS = "$(inherited) @executable_path/Frameworks";
				PRODUCT_BUNDLE_IDENTIFIER = "com.sako.CoreToDo-for-Qiita";
				PRODUCT_NAME = "$(TARGET_NAME)";
				SWIFT_VERSION = 3.0;
			};
			name = Debug;
		};
		3D36F0561F5921AC00C1BD85 /* Release */ = {
			isa = XCBuildConfiguration;
			buildSettings = {
				ASSETCATALOG_COMPILER_APPICON_NAME = AppIcon;
				INFOPLIST_FILE = "CoreToDo for Qiita/Info.plist";
				LD_RUNPATH_SEARCH_PATHS = "$(inherited) @executable_path/Frameworks";
				PRODUCT_BUNDLE_IDENTIFIER = "com.sako.CoreToDo-for-Qiita";
				PRODUCT_NAME = "$(TARGET_NAME)";
				SWIFT_VERSION = 3.0;
			};
			name = Release;
		};
		3D36F0581F5921AC00C1BD85 /* Debug */ = {
			isa = XCBuildConfiguration;
			buildSettings = {
				ALWAYS_EMBED_SWIFT_STANDARD_LIBRARIES = YES;
				BUNDLE_LOADER = "$(TEST_HOST)";
				INFOPLIST_FILE = "CoreToDo for QiitaTests/Info.plist";
				LD_RUNPATH_SEARCH_PATHS = "$(inherited) @executable_path/Frameworks @loader_path/Frameworks";
				PRODUCT_BUNDLE_IDENTIFIER = "com.sako.CoreToDo-for-QiitaTests";
				PRODUCT_NAME = "$(TARGET_NAME)";
				SWIFT_VERSION = 3.0;
				TEST_HOST = "$(BUILT_PRODUCTS_DIR)/CoreToDo for Qiita.app/CoreToDo for Qiita";
			};
			name = Debug;
		};
		3D36F0591F5921AC00C1BD85 /* Release */ = {
			isa = XCBuildConfiguration;
			buildSettings = {
				ALWAYS_EMBED_SWIFT_STANDARD_LIBRARIES = YES;
				BUNDLE_LOADER = "$(TEST_HOST)";
				INFOPLIST_FILE = "CoreToDo for QiitaTests/Info.plist";
				LD_RUNPATH_SEARCH_PATHS = "$(inherited) @executable_path/Frameworks @loader_path/Frameworks";
				PRODUCT_BUNDLE_IDENTIFIER = "com.sako.CoreToDo-for-QiitaTests";
				PRODUCT_NAME = "$(TARGET_NAME)";
				SWIFT_VERSION = 3.0;
				TEST_HOST = "$(BUILT_PRODUCTS_DIR)/CoreToDo for Qiita.app/CoreToDo for Qiita";
			};
			name = Release;
		};
		3D36F05B1F5921AC00C1BD85 /* Debug */ = {
			isa = XCBuildConfiguration;
			buildSettings = {
				ALWAYS_EMBED_SWIFT_STANDARD_LIBRARIES = YES;
				INFOPLIST_FILE = "CoreToDo for QiitaUITests/Info.plist";
				LD_RUNPATH_SEARCH_PATHS = "$(inherited) @executable_path/Frameworks @loader_path/Frameworks";
				PRODUCT_BUNDLE_IDENTIFIER = "com.sako.CoreToDo-for-QiitaUITests";
				PRODUCT_NAME = "$(TARGET_NAME)";
				SWIFT_VERSION = 3.0;
				TEST_TARGET_NAME = "CoreToDo for Qiita";
			};
			name = Debug;
		};
		3D36F05C1F5921AC00C1BD85 /* Release */ = {
			isa = XCBuildConfiguration;
			buildSettings = {
				ALWAYS_EMBED_SWIFT_STANDARD_LIBRARIES = YES;
				INFOPLIST_FILE = "CoreToDo for QiitaUITests/Info.plist";
				LD_RUNPATH_SEARCH_PATHS = "$(inherited) @executable_path/Frameworks @loader_path/Frameworks";
				PRODUCT_BUNDLE_IDENTIFIER = "com.sako.CoreToDo-for-QiitaUITests";
				PRODUCT_NAME = "$(TARGET_NAME)";
				SWIFT_VERSION = 3.0;
				TEST_TARGET_NAME = "CoreToDo for Qiita";
			};
			name = Release;
		};
/* End XCBuildConfiguration section */

/* Begin XCConfigurationList section */
		3D36F0241F5921AC00C1BD85 /* Build configuration list for PBXProject "CoreToDo for Qiita" */ = {
			isa = XCConfigurationList;
			buildConfigurations = (
				3D36F0521F5921AC00C1BD85 /* Debug */,
				3D36F0531F5921AC00C1BD85 /* Release */,
			);
			defaultConfigurationIsVisible = 0;
			defaultConfigurationName = Release;
		};
		3D36F0541F5921AC00C1BD85 /* Build configuration list for PBXNativeTarget "CoreToDo for Qiita" */ = {
			isa = XCConfigurationList;
			buildConfigurations = (
				3D36F0551F5921AC00C1BD85 /* Debug */,
				3D36F0561F5921AC00C1BD85 /* Release */,
			);
			defaultConfigurationIsVisible = 0;
		};
		3D36F0571F5921AC00C1BD85 /* Build configuration list for PBXNativeTarget "CoreToDo for QiitaTests" */ = {
			isa = XCConfigurationList;
			buildConfigurations = (
				3D36F0581F5921AC00C1BD85 /* Debug */,
				3D36F0591F5921AC00C1BD85 /* Release */,
			);
			defaultConfigurationIsVisible = 0;
		};
		3D36F05A1F5921AC00C1BD85 /* Build configuration list for PBXNativeTarget "CoreToDo for QiitaUITests" */ = {
			isa = XCConfigurationList;
			buildConfigurations = (
				3D36F05B1F5921AC00C1BD85 /* Debug */,
				3D36F05C1F5921AC00C1BD85 /* Release */,
			);
			defaultConfigurationIsVisible = 0;
		};
/* End XCConfigurationList section */

/* Begin XCVersionGroup section */
		3D36F0331F5921AC00C1BD85 /* CoreToDo_for_Qiita.xcdatamodeld */ = {
			isa = XCVersionGroup;
			children = (
				3D36F0341F5921AC00C1BD85 /* CoreToDo_for_Qiita.xcdatamodel */,
			);
			currentVersion = 3D36F0341F5921AC00C1BD85 /* CoreToDo_for_Qiita.xcdatamodel */;
			path = CoreToDo_for_Qiita.xcdatamodeld;
			sourceTree = "<group>";
			versionGroupType = wrapper.xcdatamodel;
		};
/* End XCVersionGroup section */
	};
	rootObject = 3D36F0211F5921AC00C1BD85 /* Project object */;
}
